
Microsoft Visual Studio Solution File, Format Version 12.00
# Visual Studio Version 17
VisualStudioVersion = 17.3.32819.101
MinimumVisualStudioVersion = 10.0.40219.1
Project("{8BC9CEB8-8B4A-11D0-8D11-00A0C91BC942}") = "CGT 215 Lab 05", "CGT 215 Lab 05\CGT 215 Lab 05.vcxproj", "{FB79563A-610F-44A8-9769-7214C8F5B34B}"
EndProject
Global
	GlobalSection(SolutionConfigurationPlatforms) = preSolution
		Debug|x64 = Debug|x64
		Debug|x86 = Debug|x86
		Release|x64 = Release|x64
		Release|x86 = Release|x86
	EndGlobalSection
	GlobalSection(ProjectConfigurationPlatforms) = postSolution
		{FB79563A-610F-44A8-9769-7214C8F5B34B}.Debug|x64.ActiveCfg = Debug|x64
		{FB79563A-610F-44A8-9769-7214C8F5B34B}.Debug|x64.Build.0 = Debug|x64
		{FB79563A-610F-44A8-9769-7214C8F5B34B}.Debug|x86.ActiveCfg = Debug|Win32
		{FB79563A-610F-44A8-9769-7214C8F5B34B}.Debug|x86.Build.0 = Debug|Win32
		{FB79563A-610F-44A8-9769-7214C8F5B34B}.Release|x64.ActiveCfg = Release|x64
		{FB79563A-610F-44A8-9769-7214C8F5B34B}.Release|x64.Build.0 = Release|x64
		{FB79563A-610F-44A8-9769-7214C8F5B34B}.Release|x86.ActiveCfg = Release|Win32
		{FB79563A-610F-44A8-9769-7214C8F5B34B}.Release|x86.Build.0 = Release|Win32
	EndGlobalSection
	GlobalSection(SolutionProperties) = preSolution
		HideSolutionNode = FALSE
	EndGlobalSection
	GlobalSection(ExtensibilityGlobals) = postSolution
		SolutionGuid = {B8CE5978-E5A4-4EAB-9FFF-FCF7A29155FB}
	EndGlobalSection
EndGlobal
